// !$*UTF8*$!
{
	archiveVersion = 1;
	classes = {
	};
	objectVersion = 50;
	objects = {

/* Begin PBXBuildFile section */
		BD76CEA322BB491500ED9706 /* AppDelegate.swift in Sources */ = {isa = PBXBuildFile; fileRef = BD76CEA222BB491500ED9706 /* AppDelegate.swift */; };
		BD76CEA522BB491500ED9706 /* ViewController.swift in Sources */ = {isa = PBXBuildFile; fileRef = BD76CEA422BB491500ED9706 /* ViewController.swift */; };
		BD76CEA822BB491500ED9706 /* Main.storyboard in Resources */ = {isa = PBXBuildFile; fileRef = BD76CEA622BB491500ED9706 /* Main.storyboard */; };
		BD76CEAA22BB491600ED9706 /* Assets.xcassets in Resources */ = {isa = PBXBuildFile; fileRef = BD76CEA922BB491600ED9706 /* Assets.xcassets */; };
		BD76CEAD22BB491600ED9706 /* LaunchScreen.storyboard in Resources */ = {isa = PBXBuildFile; fileRef = BD76CEAB22BB491600ED9706 /* LaunchScreen.storyboard */; };
/* End PBXBuildFile section */

/* Begin PBXFileReference section */
		BD76CE9F22BB491500ED9706 /* CustomHeaderAndSectionedTableViewWithRxSwift.app */ = {isa = PBXFileReference; explicitFileType = wrapper.application; includeInIndex = 0; path = CustomHeaderAndSectionedTableViewWithRxSwift.app; sourceTree = BUILT_PRODUCTS_DIR; };
		BD76CEA222BB491500ED9706 /* AppDelegate.swift */ = {isa = PBXFileReference; lastKnownFileType = sourcecode.swift; path = AppDelegate.swift; sourceTree = "<group>"; };
		BD76CEA422BB491500ED9706 /* ViewController.swift */ = {isa = PBXFileReference; lastKnownFileType = sourcecode.swift; path = ViewController.swift; sourceTree = "<group>"; };
		BD76CEA722BB491500ED9706 /* Base */ = {isa = PBXFileReference; lastKnownFileType = file.storyboard; name = Base; path = Base.lproj/Main.storyboard; sourceTree = "<group>"; };
		BD76CEA922BB491600ED9706 /* Assets.xcassets */ = {isa = PBXFileReference; lastKnownFileType = folder.assetcatalog; path = Assets.xcassets; sourceTree = "<group>"; };
		BD76CEAC22BB491600ED9706 /* Base */ = {isa = PBXFileReference; lastKnownFileType = file.storyboard; name = Base; path = Base.lproj/LaunchScreen.storyboard; sourceTree = "<group>"; };
		BD76CEAE22BB491600ED9706 /* Info.plist */ = {isa = PBXFileReference; lastKnownFileType = text.plist.xml; path = Info.plist; sourceTree = "<group>"; };
/* End PBXFileReference section */

/* Begin PBXFrameworksBuildPhase section */
		BD76CE9C22BB491500ED9706 /* Frameworks */ = {
			isa = PBXFrameworksBuildPhase;
			buildActionMask = 2147483647;
			files = (
			);
			runOnlyForDeploymentPostprocessing = 0;
		};
/* End PBXFrameworksBuildPhase section */

/* Begin PBXGroup section */
		BD76CE9622BB491500ED9706 = {
			isa = PBXGroup;
			children = (
				BD76CEA122BB491500ED9706 /* CustomHeaderAndSectionedTableViewWithRxSwift */,
				BD76CEA022BB491500ED9706 /* Products */,
			);
			sourceTree = "<group>";
		};
		BD76CEA022BB491500ED9706 /* Products */ = {
			isa = PBXGroup;
			children = (
				BD76CE9F22BB491500ED9706 /* CustomHeaderAndSectionedTableViewWithRxSwift.app */,
			);
			name = Products;
			sourceTree = "<group>";
		};
		BD76CEA122BB491500ED9706 /* CustomHeaderAndSectionedTableViewWithRxSwift */ = {
			isa = PBXGroup;
			children = (
				BD76CEA222BB491500ED9706 /* AppDelegate.swift */,
				BD76CEA422BB491500ED9706 /* ViewController.swift */,
				BD76CEA622BB491500ED9706 /* Main.storyboard */,
				BD76CEA922BB491600ED9706 /* Assets.xcassets */,
				BD76CEAB22BB491600ED9706 /* LaunchScreen.storyboard */,
				BD76CEAE22BB491600ED9706 /* Info.plist */,
			);
			path = CustomHeaderAndSectionedTableViewWithRxSwift;
			sourceTree = "<group>";
		};
/* End PBXGroup section */

/* Begin PBXNativeTarget section */
		BD76CE9E22BB491500ED9706 /* CustomHeaderAndSectionedTableViewWithRxSwift */ = {
			isa = PBXNativeTarget;
			buildConfigurationList = BD76CEB122BB491600ED9706 /* Build configuration list for PBXNativeTarget "CustomHeaderAndSectionedTableViewWithRxSwift" */;
			buildPhases = (
				BD76CE9B22BB491500ED9706 /* Sources */,
				BD76CE9C22BB491500ED9706 /* Frameworks */,
				BD76CE9D22BB491500ED9706 /* Resources */,
			);
			buildRules = (
			);
			dependencies = (
			);
			name = CustomHeaderAndSectionedTableViewWithRxSwift;
			productName = CustomHeaderAndSectionedTableViewWithRxSwift;
			productReference = BD76CE9F22BB491500ED9706 /* CustomHeaderAndSectionedTableViewWithRxSwift.app */;
			productType = "com.apple.product-type.application";
		};
/* End PBXNativeTarget section */

/* Begin PBXProject section */
		BD76CE9722BB491500ED9706 /* Project object */ = {
			isa = PBXProject;
			attributes = {
				LastSwiftUpdateCheck = 1010;
				LastUpgradeCheck = 1010;
				ORGANIZATIONNAME = "Supa HaYun";
				TargetAttributes = {
					BD76CE9E22BB491500ED9706 = {
						CreatedOnToolsVersion = 10.1;
					};
				};
			};
			buildConfigurationList = BD76CE9A22BB491500ED9706 /* Build configuration list for PBXProject "CustomHeaderAndSectionedTableViewWithRxSwift" */;
			compatibilityVersion = "Xcode 9.3";
			developmentRegion = en;
			hasScannedForEncodings = 0;
			knownRegions = (
				en,
				Base,
			);
			mainGroup = BD76CE9622BB491500ED9706;
			productRefGroup = BD76CEA022BB491500ED9706 /* Products */;
			projectDirPath = "";
			projectRoot = "";
			targets = (
				BD76CE9E22BB491500ED9706 /* CustomHeaderAndSectionedTableViewWithRxSwift */,
			);
		};
/* End PBXProject section */

/* Begin PBXResourcesBuildPhase section */
		BD76CE9D22BB491500ED9706 /* Resources */ = {
			isa = PBXResourcesBuildPhase;
			buildActionMask = 2147483647;
			files = (
				BD76CEAD22BB491600ED9706 /* LaunchScreen.storyboard in Resources */,
				BD76CEAA22BB491600ED9706 /* Assets.xcassets in Resources */,
				BD76CEA822BB491500ED9706 /* Main.storyboard in Resources */,
			);
			runOnlyForDeploymentPostprocessing = 0;
		};
/* End PBXResourcesBuildPhase section */

/* Begin PBXSourcesBuildPhase section */
		BD76CE9B22BB491500ED9706 /* Sources */ = {
			isa = PBXSourcesBuildPhase;
			buildActionMask = 2147483647;
			files = (
				BD76CEA522BB491500ED9706 /* ViewController.swift in Sources */,
				BD76CEA322BB491500ED9706 /* AppDelegate.swift in Sources */,
			);
			runOnlyForDeploymentPostprocessing = 0;
		};
/* End PBXSourcesBuildPhase section */

/* Begin PBXVariantGroup section */
		BD76CEA622BB491500ED9706 /* Main.storyboard */ = {
			isa = PBXVariantGroup;
			children = (
				BD76CEA722BB491500ED9706 /* Base */,
			);
			name = Main.storyboard;
			sourceTree = "<group>";
		};
		BD76CEAB22BB491600ED9706 /* LaunchScreen.storyboard */ = {
			isa = PBXVariantGroup;
			children = (
				BD76CEAC22BB491600ED9706 /* Base */,
			);
			name = LaunchScreen.storyboard;
			sourceTree = "<group>";
		};
/* End PBXVariantGroup section */

/* Begin XCBuildConfiguration section */
		BD76CEAF22BB491600ED9706 /* Debug */ = {
			isa = XCBuildConfiguration;
			buildSettings = {
				ALWAYS_SEARCH_USER_PATHS = NO;
				CLANG_ANALYZER_NONNULL = YES;
				CLANG_ANALYZER_NUMBER_OBJECT_CONVERSION = YES_AGGRESSIVE;
				CLANG_CXX_LANGUAGE_STANDARD = "gnu++14";
				CLANG_CXX_LIBRARY = "libc++";
				CLANG_ENABLE_MODULES = YES;
				CLANG_ENABLE_OBJC_ARC = YES;
				CLANG_ENABLE_OBJC_WEAK = YES;
				CLANG_WARN_BLOCK_CAPTURE_AUTORELEASING = YES;
				CLANG_WARN_BOOL_CONVERSION = YES;
				CLANG_WARN_COMMA = YES;
				CLANG_WARN_CONSTANT_CONVERSION = YES;
				CLANG_WARN_DEPRECATED_OBJC_IMPLEMENTATIONS = YES;
				CLANG_WARN_DIRECT_OBJC_ISA_USAGE = YES_ERROR;
				CLANG_WARN_DOCUMENTATION_COMMENTS = YES;
				CLANG_WARN_EMPTY_BODY = YES;
				CLANG_WARN_ENUM_CONVERSION = YES;
				CLANG_WARN_INFINITE_RECURSION = YES;
				CLANG_WARN_INT_CONVERSION = YES;
				CLANG_WARN_NON_LITERAL_NULL_CONVERSION = YES;
				CLANG_WARN_OBJC_IMPLICIT_RETAIN_SELF = YES;
				CLANG_WARN_OBJC_LITERAL_CONVERSION = YES;
				CLANG_WARN_OBJC_ROOT_CLASS = YES_ERROR;
				CLANG_WARN_RANGE_LOOP_ANALYSIS = YES;
				CLANG_WARN_STRICT_PROTOTYPES = YES;
				CLANG_WARN_SUSPICIOUS_MOVE = YES;
				CLANG_WARN_UNGUARDED_AVAILABILITY = YES_AGGRESSIVE;
				CLANG_WARN_UNREACHABLE_CODE = YES;
				CLANG_WARN__DUPLICATE_METHOD_MATCH = YES;
				CODE_SIGN_IDENTITY = "iPhone Developer";
				COPY_PHASE_STRIP = NO;
				DEBUG_INFORMATION_FORMAT = dwarf;
				ENABLE_STRICT_OBJC_MSGSEND = YES;
				ENABLE_TESTABILITY = YES;
				GCC_C_LANGUAGE_STANDARD = gnu11;
				GCC_DYNAMIC_NO_PIC = NO;
				GCC_NO_COMMON_BLOCKS = YES;
				GCC_OPTIMIZATION_LEVEL = 0;
				GCC_PREPROCESSOR_DEFINITIONS = (
					"DEBUG=1",
					"$(inherited)",
				);
				GCC_WARN_64_TO_32_BIT_CONVERSION = YES;
				GCC_WARN_ABOUT_RETURN_TYPE = YES_ERROR;
				GCC_WARN_UNDECLARED_SELECTOR = YES;
				GCC_WARN_UNINITIALIZED_AUTOS = YES_AGGRESSIVE;
				GCC_WARN_UNUSED_FUNCTION = YES;
				GCC_WARN_UNUSED_VARIABLE = YES;
				IPHONEOS_DEPLOYMENT_TARGET = 12.1;
				MTL_ENABLE_DEBUG_INFO = INCLUDE_SOURCE;
				MTL_FAST_MATH = YES;
				ONLY_ACTIVE_ARCH = YES;
				SDKROOT = iphoneos;
				SWIFT_ACTIVE_COMPILATION_CONDITIONS = DEBUG;
				SWIFT_OPTIMIZATION_LEVEL = "-Onone";
			};
			name = Debug;
		};
		BD76CEB022BB491600ED9706 /* Release */ = {
			isa = XCBuildConfiguration;
			buildSettings = {
				ALWAYS_SEARCH_USER_PATHS = NO;
				CLANG_ANALYZER_NONNULL = YES;
				CLANG_ANALYZER_NUMBER_OBJECT_CONVERSION = YES_AGGRESSIVE;
				CLANG_CXX_LANGUAGE_STANDARD = "gnu++14";
				CLANG_CXX_LIBRARY = "libc++";
				CLANG_ENABLE_MODULES = YES;
				CLANG_ENABLE_OBJC_ARC = YES;
				CLANG_ENABLE_OBJC_WEAK = YES;
				CLANG_WARN_BLOCK_CAPTURE_AUTORELEASING = YES;
				CLANG_WARN_BOOL_CONVERSION = YES;
				CLANG_WARN_COMMA = YES;
				CLANG_WARN_CONSTANT_CONVERSION = YES;
				CLANG_WARN_DEPRECATED_OBJC_IMPLEMENTATIONS = YES;
				CLANG_WARN_DIRECT_OBJC_ISA_USAGE = YES_ERROR;
				CLANG_WARN_DOCUMENTATION_COMMENTS = YES;
				CLANG_WARN_EMPTY_BODY = YES;
				CLANG_WARN_ENUM_CONVERSION = YES;
				CLANG_WARN_INFINITE_RECURSION = YES;
				CLANG_WARN_INT_CONVERSION = YES;
				CLANG_WARN_NON_LITERAL_NULL_CONVERSION = YES;
				CLANG_WARN_OBJC_IMPLICIT_RETAIN_SELF = YES;
				CLANG_WARN_OBJC_LITERAL_CONVERSION = YES;
				CLANG_WARN_OBJC_ROOT_CLASS = YES_ERROR;
				CLANG_WARN_RANGE_LOOP_ANALYSIS = YES;
				CLANG_WARN_STRICT_PROTOTYPES = YES;
				CLANG_WARN_SUSPICIOUS_MOVE = YES;
				CLANG_WARN_UNGUARDED_AVAILABILITY = YES_AGGRESSIVE;
				CLANG_WARN_UNREACHABLE_CODE = YES;
				CLANG_WARN__DUPLICATE_METHOD_MATCH = YES;
				CODE_SIGN_IDENTITY = "iPhone Developer";
				COPY_PHASE_STRIP = NO;
				DEBUG_INFORMATION_FORMAT = "dwarf-with-dsym";
				ENABLE_NS_ASSERTIONS = NO;
				ENABLE_STRICT_OBJC_MSGSEND = YES;
				GCC_C_LANGUAGE_STANDARD = gnu11;
				GCC_NO_COMMON_BLOCKS = YES;
				GCC_WARN_64_TO_32_BIT_CONVERSION = YES;
				GCC_WARN_ABOUT_RETURN_TYPE = YES_ERROR;
				GCC_WARN_UNDECLARED_SELECTOR = YES;
				GCC_WARN_UNINITIALIZED_AUTOS = YES_AGGRESSIVE;
				GCC_WARN_UNUSED_FUNCTION = YES;
				GCC_WARN_UNUSED_VARIABLE = YES;
				IPHONEOS_DEPLOYMENT_TARGET = 12.1;
				MTL_ENABLE_DEBUG_INFO = NO;
				MTL_FAST_MATH = YES;
				SDKROOT = iphoneos;
				SWIFT_COMPILATION_MODE = wholemodule;
				SWIFT_OPTIMIZATION_LEVEL = "-O";
				VALIDATE_PRODUCT = YES;
			};
			name = Release;
		};
		BD76CEB222BB491600ED9706 /* Debug */ = {
			isa = XCBuildConfiguration;
			buildSettings = {
				ASSETCATALOG_COMPILER_APPICON_NAME = AppIcon;
				CODE_SIGN_STYLE = Automatic;
				INFOPLIST_FILE = CustomHeaderAndSectionedTableViewWithRxSwift/Info.plist;
				LD_RUNPATH_SEARCH_PATHS = (
					"$(inherited)",
					"@executable_path/Frameworks",
				);
				PRODUCT_BUNDLE_IDENTIFIER = org.hayun.CustomHeaderAndSectionedTableViewWithRxSwift;
				PRODUCT_NAME = "$(TARGET_NAME)";
				SWIFT_VERSION = 4.2;
				TARGETED_DEVICE_FAMILY = "1,2";
			};
			name = Debug;
		};
		BD76CEB322BB491600ED9706 /* Release */ = {
			isa = XCBuildConfiguration;
			buildSettings = {
				ASSETCATALOG_COMPILER_APPICON_NAME = AppIcon;
				CODE_SIGN_STYLE = Automatic;
				INFOPLIST_FILE = CustomHeaderAndSectionedTableViewWithRxSwift/Info.plist;
				LD_RUNPATH_SEARCH_PATHS = (
					"$(inherited)",
					"@executable_path/Frameworks",
				);
				PRODUCT_BUNDLE_IDENTIFIER = org.hayun.CustomHeaderAndSectionedTableViewWithRxSwift;
				PRODUCT_NAME = "$(TARGET_NAME)";
				SWIFT_VERSION = 4.2;
				TARGETED_DEVICE_FAMILY = "1,2";
			};
			name = Release;
		};
/* End XCBuildConfiguration section */

/* Begin XCConfigurationList section */
		BD76CE9A22BB491500ED9706 /* Build configuration list for PBXProject "CustomHeaderAndSectionedTableViewWithRxSwift" */ = {
			isa = XCConfigurationList;
			buildConfigurations = (
				BD76CEAF22BB491600ED9706 /* Debug */,
				BD76CEB022BB491600ED9706 /* Release */,
			);
			defaultConfigurationIsVisible = 0;
			defaultConfigurationName = Release;
		};
		BD76CEB122BB491600ED9706 /* Build configuration list for PBXNativeTarget "CustomHeaderAndSectionedTableViewWithRxSwift" */ = {
			isa = XCConfigurationList;
			buildConfigurations = (
				BD76CEB222BB491600ED9706 /* Debug */,
				BD76CEB322BB491600ED9706 /* Release */,
			);
			defaultConfigurationIsVisible = 0;
			defaultConfigurationName = Release;
		};
/* End XCConfigurationList section */
	};
	rootObject = BD76CE9722BB491500ED9706 /* Project object */;
}
